
Microsoft Visual Studio Solution File, Format Version 12.00
# Visual Studio Version 16
VisualStudioVersion = 16.0.31129.286
MinimumVisualStudioVersion = 10.0.40219.1
Project("{FAE04EC0-301F-11D3-BF4B-00C04F79EFBC}") = "Deliverable2", "Deliverable2\Deliverable2.csproj", "{10AA5BCB-9E32-4BD3-A288-27D7C3CF3378}"
EndProject
Global
	GlobalSection(SolutionConfigurationPlatforms) = preSolution
		Debug|Any CPU = Debug|Any CPU
		Release|Any CPU = Release|Any CPU
	EndGlobalSection
	GlobalSection(ProjectConfigurationPlatforms) = postSolution
		{10AA5BCB-9E32-4BD3-A288-27D7C3CF3378}.Debug|Any CPU.ActiveCfg = Debug|Any CPU
		{10AA5BCB-9E32-4BD3-A288-27D7C3CF3378}.Debug|Any CPU.Build.0 = Debug|Any CPU
		{10AA5BCB-9E32-4BD3-A288-27D7C3CF3378}.Release|Any CPU.ActiveCfg = Release|Any CPU
		{10AA5BCB-9E32-4BD3-A288-27D7C3CF3378}.Release|Any CPU.Build.0 = Release|Any CPU
	EndGlobalSection
	GlobalSection(SolutionProperties) = preSolution
		HideSolutionNode = FALSE
	EndGlobalSection
	GlobalSection(ExtensibilityGlobals) = postSolution
		SolutionGuid = {8E95FD44-2FA3-4E69-8E8D-E9B9AE67F25C}
	EndGlobalSection
EndGlobal
